
Microsoft Visual Studio Solution File, Format Version 12.00
# Visual Studio Version 17
VisualStudioVersion = 17.1.32421.90
MinimumVisualStudioVersion = 10.0.40219.1
Project("{FAE04EC0-301F-11D3-BF4B-00C04F79EFBC}") = "FerreteriaAlca", "FerreteriaAlca.csproj", "{89C4EF36-0E37-43C3-8566-60F99F2B4695}"
EndProject
Global
	GlobalSection(SolutionConfigurationPlatforms) = preSolution
		Debug|Any CPU = Debug|Any CPU
		Release|Any CPU = Release|Any CPU
	EndGlobalSection
	GlobalSection(ProjectConfigurationPlatforms) = postSolution
		{89C4EF36-0E37-43C3-8566-60F99F2B4695}.Debug|Any CPU.ActiveCfg = Debug|Any CPU
		{89C4EF36-0E37-43C3-8566-60F99F2B4695}.Debug|Any CPU.Build.0 = Debug|Any CPU
		{89C4EF36-0E37-43C3-8566-60F99F2B4695}.Release|Any CPU.ActiveCfg = Release|Any CPU
		{89C4EF36-0E37-43C3-8566-60F99F2B4695}.Release|Any CPU.Build.0 = Release|Any CPU
	EndGlobalSection
	GlobalSection(SolutionProperties) = preSolution
		HideSolutionNode = FALSE
	EndGlobalSection
	GlobalSection(ExtensibilityGlobals) = postSolution
		SolutionGuid = {BD8DE887-B3F1-4F91-A385-5291577A19D5}
	EndGlobalSection
EndGlobal
